<?xml version="1.0" encoding="UTF-8" standalone="yes" ?>
<CodeBlocks_project_file>
	<FileVersion major="1" minor="6" />
	<Project>
		<Option title="IFJ2017_Project" />
		<Option pch_mode="2" />
		<Option compiler="gcc" />
		<Build>
			<Target title="Debug">
				<Option output="../build/bin/Debug/IFJ2017_Project" prefix_auto="1" extension_auto="1" />
				<Option object_output="../build/obj/Debug/" />
				<Option type="1" />
				<Option compiler="gcc" />
				<Compiler>
					<Add option="-pedantic" />
					<Add option="-Wextra" />
					<Add option="-Wall" />
					<Add option="-std=c99" />
					<Add option="-g" />
					<Add option="-DDEBUG_INCLUDE" />
					<Add option="-DDEBUG_PRINT_ENABLED" />
				</Compiler>
			</Target>
			<Target title="Release">
				<Option output="../build/bin/Release/IFJ2017_Project" prefix_auto="1" extension_auto="1" />
				<Option object_output="../build/obj/Release/" />
				<Option type="1" />
				<Option compiler="gcc" />
				<Compiler>
					<Add option="-fexpensive-optimizations" />
					<Add option="-O3" />
					<Add option="-pedantic" />
					<Add option="-Wextra" />
					<Add option="-Wall" />
					<Add option="-std=c99" />
					<Add option="-Werror" />
					<Add option="-DDEBUG_INCLUDE" />
				</Compiler>
				<Linker>
					<Add option="-s" />
				</Linker>
			</Target>
		</Build>
		<Compiler>
			<Add option="-Wall" />
		</Compiler>
		<Unit filename="generator/generator.h" />
		<Unit filename="generator/instruction_list.h" />
		<Unit filename="main/main.c">
			<Option compilerVar="CC" />
		</Unit>
		<Unit filename="parser/parser.c">
			<Option compilerVar="CC" />
		</Unit>
		<Unit filename="parser/parser.h" />
		<Unit filename="parser/parser_errors.h" />
		<Unit filename="parser/symtable.c">
			<Option compilerVar="CC" />
		</Unit>
		<Unit filename="parser/symtable.h" />
		<Unit filename="scanner/input.c">
			<Option compilerVar="CC" />
		</Unit>
		<Unit filename="scanner/input.h" />
		<Unit filename="scanner/scanner.h" />
		<Unit filename="scanner/token.h" />
		<Unit filename="support/strings.c">
			<Option compilerVar="CC" />
		</Unit>
		<Unit filename="support/strings.h" />
		<Extensions>
			<code_completion />
			<envvars />
			<debugger />
			<lib_finder disable_auto="1" />
		</Extensions>
	</Project>
</CodeBlocks_project_file>
